{
	"name": "pruebasv6",
	"version": "1.0.0",
	"lockfileVersion": 1,
	"requires": true,
	"dependencies": {
		"@enact/core": {
			"version": "1.15.0",
			"resolved": "https://registry.npmjs.org/@enact/core/-/core-1.15.0.tgz",
			"integrity": "sha1-r9nDWPGsHIZaFE/n8Ed8eRNvv64=",
			"requires": {
				"classnames": "~2.2.5",
				"invariant": "~2.2.2",
				"prop-types": "~15.6.0",
				"ramda": "~0.24.1",
				"react": "~15.6.1",
				"react-dom": "~15.6.1"
			},
			"dependencies": {
				"prop-types": {
					"version": "15.6.2",
					"resolved": "https://registry.npmjs.org/prop-types/-/prop-types-15.6.2.tgz",
					"integrity": "sha512-3pboPvLiWD7dkI3qf3KbUe6hKFKa52w+AE0VCqECtf+QHAKgOL37tTaNCnuX1nAAQ4ZhyP+kYVKf8rLmJ/feDQ==",
					"requires": {
						"loose-envify": "^1.3.1",
						"object-assign": "^4.1.1"
					}
				},
				"react": {
					"version": "15.6.2",
					"resolved": "https://registry.npmjs.org/react/-/react-15.6.2.tgz",
					"integrity": "sha1-26BDSrQ5z+gvEI8PURZjkIF5qnI=",
					"requires": {
						"create-react-class": "^15.6.0",
						"fbjs": "^0.8.9",
						"loose-envify": "^1.1.0",
						"object-assign": "^4.1.0",
						"prop-types": "^15.5.10"
					}
				},
				"react-dom": {
					"version": "15.6.2",
					"resolved": "https://registry.npmjs.org/react-dom/-/react-dom-15.6.2.tgz",
					"integrity": "sha1-Qc+t9pO3V/rycIRDodH9WgK+9zA=",
					"requires": {
						"fbjs": "^0.8.9",
						"loose-envify": "^1.1.0",
						"object-assign": "^4.1.0",
						"prop-types": "^15.5.10"
					}
				}
			}
		},
		"@enact/i18n": {
			"version": "1.15.0",
			"resolved": "https://registry.npmjs.org/@enact/i18n/-/i18n-1.15.0.tgz",
			"integrity": "sha1-iiHlVT0AiOC2V2porv9zTpgC/wE=",
			"requires": {
				"@enact/core": "^1.15.0",
				"prop-types": "~15.6.0",
				"ramda": "~0.24.1",
				"react": "~15.6.1",
				"react-dom": "~15.6.1",
				"xhr": "~2.4.0"
			},
			"dependencies": {
				"prop-types": {
					"version": "15.6.2",
					"resolved": "https://registry.npmjs.org/prop-types/-/prop-types-15.6.2.tgz",
					"integrity": "sha512-3pboPvLiWD7dkI3qf3KbUe6hKFKa52w+AE0VCqECtf+QHAKgOL37tTaNCnuX1nAAQ4ZhyP+kYVKf8rLmJ/feDQ==",
					"requires": {
						"loose-envify": "^1.3.1",
						"object-assign": "^4.1.1"
					}
				},
				"react": {
					"version": "15.6.2",
					"resolved": "https://registry.npmjs.org/react/-/react-15.6.2.tgz",
					"integrity": "sha1-26BDSrQ5z+gvEI8PURZjkIF5qnI=",
					"requires": {
						"create-react-class": "^15.6.0",
						"fbjs": "^0.8.9",
						"loose-envify": "^1.1.0",
						"object-assign": "^4.1.0",
						"prop-types": "^15.5.10"
					}
				},
				"react-dom": {
					"version": "15.6.2",
					"resolved": "https://registry.npmjs.org/react-dom/-/react-dom-15.6.2.tgz",
					"integrity": "sha1-Qc+t9pO3V/rycIRDodH9WgK+9zA=",
					"requires": {
						"fbjs": "^0.8.9",
						"loose-envify": "^1.1.0",
						"object-assign": "^4.1.0",
						"prop-types": "^15.5.10"
					}
				}
			}
		},
		"@enact/moonstone": {
			"version": "1.15.0",
			"resolved": "https://registry.npmjs.org/@enact/moonstone/-/moonstone-1.15.0.tgz",
			"integrity": "sha1-7YgcnI5qcnO2eQKmnee8jh6fPos=",
			"requires": {
				"@enact/core": "^1.15.0",
				"@enact/i18n": "^1.15.0",
				"@enact/spotlight": "^1.15.0",
				"@enact/ui": "^1.15.0",
				"classnames": "~2.2.5",
				"eases": "~1.0.8",
				"invariant": "~2.2.2",
				"prop-types": "~15.6.0",
				"ramda": "~0.24.1",
				"react": "~15.6.1",
				"react-dom": "~15.6.1",
				"recompose": "~0.23.5",
				"warning": "~3.0.0"
			},
			"dependencies": {
				"prop-types": {
					"version": "15.6.2",
					"resolved": "https://registry.npmjs.org/prop-types/-/prop-types-15.6.2.tgz",
					"integrity": "sha512-3pboPvLiWD7dkI3qf3KbUe6hKFKa52w+AE0VCqECtf+QHAKgOL37tTaNCnuX1nAAQ4ZhyP+kYVKf8rLmJ/feDQ==",
					"requires": {
						"loose-envify": "^1.3.1",
						"object-assign": "^4.1.1"
					}
				},
				"react": {
					"version": "15.6.2",
					"resolved": "https://registry.npmjs.org/react/-/react-15.6.2.tgz",
					"integrity": "sha1-26BDSrQ5z+gvEI8PURZjkIF5qnI=",
					"requires": {
						"create-react-class": "^15.6.0",
						"fbjs": "^0.8.9",
						"loose-envify": "^1.1.0",
						"object-assign": "^4.1.0",
						"prop-types": "^15.5.10"
					}
				},
				"react-dom": {
					"version": "15.6.2",
					"resolved": "https://registry.npmjs.org/react-dom/-/react-dom-15.6.2.tgz",
					"integrity": "sha1-Qc+t9pO3V/rycIRDodH9WgK+9zA=",
					"requires": {
						"fbjs": "^0.8.9",
						"loose-envify": "^1.1.0",
						"object-assign": "^4.1.0",
						"prop-types": "^15.5.10"
					}
				}
			}
		},
		"@enact/spotlight": {
			"version": "1.15.0",
			"resolved": "https://registry.npmjs.org/@enact/spotlight/-/spotlight-1.15.0.tgz",
			"integrity": "sha1-6c0mxLfV8VQxpMkGZkIRjZVMkCk=",
			"requires": {
				"@enact/core": "^1.15.0",
				"prop-types": "~15.6.0",
				"ramda": "~0.24.1",
				"react": "~15.6.1",
				"react-dom": "~15.6.1"
			},
			"dependencies": {
				"prop-types": {
					"version": "15.6.2",
					"resolved": "https://registry.npmjs.org/prop-types/-/prop-types-15.6.2.tgz",
					"integrity": "sha512-3pboPvLiWD7dkI3qf3KbUe6hKFKa52w+AE0VCqECtf+QHAKgOL37tTaNCnuX1nAAQ4ZhyP+kYVKf8rLmJ/feDQ==",
					"requires": {
						"loose-envify": "^1.3.1",
						"object-assign": "^4.1.1"
					}
				},
				"react": {
					"version": "15.6.2",
					"resolved": "https://registry.npmjs.org/react/-/react-15.6.2.tgz",
					"integrity": "sha1-26BDSrQ5z+gvEI8PURZjkIF5qnI=",
					"requires": {
						"create-react-class": "^15.6.0",
						"fbjs": "^0.8.9",
						"loose-envify": "^1.1.0",
						"object-assign": "^4.1.0",
						"prop-types": "^15.5.10"
					}
				},
				"react-dom": {
					"version": "15.6.2",
					"resolved": "https://registry.npmjs.org/react-dom/-/react-dom-15.6.2.tgz",
					"integrity": "sha1-Qc+t9pO3V/rycIRDodH9WgK+9zA=",
					"requires": {
						"fbjs": "^0.8.9",
						"loose-envify": "^1.1.0",
						"object-assign": "^4.1.0",
						"prop-types": "^15.5.10"
					}
				}
			}
		},
		"@enact/ui": {
			"version": "1.15.0",
			"resolved": "https://registry.npmjs.org/@enact/ui/-/ui-1.15.0.tgz",
			"integrity": "sha1-Atsnwg4vglcOEh9Pi1/emrp4AVw=",
			"requires": {
				"@enact/core": "^1.15.0",
				"invariant": "~2.2.2",
				"prop-types": "~15.6.0",
				"ramda": "~0.24.1",
				"react": "~15.6.1",
				"react-dom": "~15.6.1",
				"recompose": "~0.23.5",
				"warning": "~3.0.0"
			},
			"dependencies": {
				"prop-types": {
					"version": "15.6.2",
					"resolved": "https://registry.npmjs.org/prop-types/-/prop-types-15.6.2.tgz",
					"integrity": "sha512-3pboPvLiWD7dkI3qf3KbUe6hKFKa52w+AE0VCqECtf+QHAKgOL37tTaNCnuX1nAAQ4ZhyP+kYVKf8rLmJ/feDQ==",
					"requires": {
						"loose-envify": "^1.3.1",
						"object-assign": "^4.1.1"
					}
				},
				"react": {
					"version": "15.6.2",
					"resolved": "https://registry.npmjs.org/react/-/react-15.6.2.tgz",
					"integrity": "sha1-26BDSrQ5z+gvEI8PURZjkIF5qnI=",
					"requires": {
						"create-react-class": "^15.6.0",
						"fbjs": "^0.8.9",
						"loose-envify": "^1.1.0",
						"object-assign": "^4.1.0",
						"prop-types": "^15.5.10"
					}
				},
				"react-dom": {
					"version": "15.6.2",
					"resolved": "https://registry.npmjs.org/react-dom/-/react-dom-15.6.2.tgz",
					"integrity": "sha1-Qc+t9pO3V/rycIRDodH9WgK+9zA=",
					"requires": {
						"fbjs": "^0.8.9",
						"loose-envify": "^1.1.0",
						"object-assign": "^4.1.0",
						"prop-types": "^15.5.10"
					}
				}
			}
		},
		"@enact/webos": {
			"version": "1.15.0",
			"resolved": "https://registry.npmjs.org/@enact/webos/-/webos-1.15.0.tgz",
			"integrity": "sha1-4DHGa4NrNSzzcdT5r0DtrNpNe2I="
		},
		"after": {
			"version": "0.8.2",
			"resolved": "https://registry.npmjs.org/after/-/after-0.8.2.tgz",
			"integrity": "sha1-/ts5T58OAqqXaOcCvaI7UF+ufh8="
		},
		"arraybuffer.slice": {
			"version": "0.0.7",
			"resolved": "https://registry.npmjs.org/arraybuffer.slice/-/arraybuffer.slice-0.0.7.tgz",
			"integrity": "sha512-wGUIVQXuehL5TCqQun8OW81jGzAWycqzFF8lFp+GOM5BXLYj3bKNsYC4daB7n6XjCqxQA/qgTJ+8ANR3acjrog=="
		},
		"asap": {
			"version": "2.0.6",
			"resolved": "https://registry.npmjs.org/asap/-/asap-2.0.6.tgz",
			"integrity": "sha1-5QNHYR1+aQlDIIu9r+vLwvuGbUY="
		},
		"axios": {
			"version": "0.25.0",
			"resolved": "https://registry.npmjs.org/axios/-/axios-0.25.0.tgz",
			"integrity": "sha512-cD8FOb0tRH3uuEe6+evtAbgJtfxr7ly3fQjYcMcuPlgkwVS9xboaVIpcDV+cYQe+yGykgwZCs1pzjntcGa6l5g==",
			"requires": {
				"follow-redirects": "^1.14.7"
			}
		},
		"backo2": {
			"version": "1.0.2",
			"resolved": "https://registry.npmjs.org/backo2/-/backo2-1.0.2.tgz",
			"integrity": "sha1-MasayLEpNjRj41s+u2n038+6eUc="
		},
		"base64-arraybuffer": {
			"version": "0.1.4",
			"resolved": "https://registry.npmjs.org/base64-arraybuffer/-/base64-arraybuffer-0.1.4.tgz",
			"integrity": "sha1-mBjHngWbE1X5fgQooBfIOOkLqBI="
		},
		"blob": {
			"version": "0.0.5",
			"resolved": "https://registry.npmjs.org/blob/-/blob-0.0.5.tgz",
			"integrity": "sha512-gaqbzQPqOoamawKg0LGVd7SzLgXS+JH61oWprSLH+P+abTczqJbhTR8CmJ2u9/bUYNmHTGJx/UEmn6doAvvuig=="
		},
		"change-emitter": {
			"version": "0.1.6",
			"resolved": "https://registry.npmjs.org/change-emitter/-/change-emitter-0.1.6.tgz",
			"integrity": "sha1-6LL+PX8at9aaMhma/5HqaTFAlRU="
		},
		"classnames": {
			"version": "2.2.6",
			"resolved": "https://registry.npmjs.org/classnames/-/classnames-2.2.6.tgz",
			"integrity": "sha512-JR/iSQOSt+LQIWwrwEzJ9uk0xfN3mTVYMwt1Ir5mUcSN6pU+V4zQFFaJsclJbPuAUQH+yfWef6tm7l1quW3C8Q=="
		},
		"component-bind": {
			"version": "1.0.0",
			"resolved": "https://registry.npmjs.org/component-bind/-/component-bind-1.0.0.tgz",
			"integrity": "sha1-AMYIq33Nk4l8AAllGx06jh5zu9E="
		},
		"component-emitter": {
			"version": "1.3.0",
			"resolved": "https://registry.npmjs.org/component-emitter/-/component-emitter-1.3.0.tgz",
			"integrity": "sha512-Rd3se6QB+sO1TwqZjscQrurpEPIfO0/yYnSin6Q/rD3mOutHvUrCAhJub3r90uNb+SESBuE0QYoB90YdfatsRg=="
		},
		"component-inherit": {
			"version": "0.0.3",
			"resolved": "https://registry.npmjs.org/component-inherit/-/component-inherit-0.0.3.tgz",
			"integrity": "sha1-ZF/ErfWLcrZJ1crmUTVhnbJv8UM="
		},
		"core-js": {
			"version": "1.2.7",
			"resolved": "https://registry.npmjs.org/core-js/-/core-js-1.2.7.tgz",
			"integrity": "sha1-ZSKUwUZR2yj6k70tX/KYOk8IxjY="
		},
		"create-react-class": {
			"version": "15.7.0",
			"resolved": "https://registry.npmjs.org/create-react-class/-/create-react-class-15.7.0.tgz",
			"integrity": "sha512-QZv4sFWG9S5RUvkTYWbflxeZX+JG7Cz0Tn33rQBJ+WFQTqTfUTjMjiv9tnfXazjsO5r0KhPs+AqCjyrQX6h2ng==",
			"requires": {
				"loose-envify": "^1.3.1",
				"object-assign": "^4.1.1"
			}
		},
		"debug": {
			"version": "3.1.0",
			"resolved": "https://registry.npmjs.org/debug/-/debug-3.1.0.tgz",
			"integrity": "sha512-OX8XqP7/1a9cqkxYw2yXss15f26NKWBpDXQd0/uK/KPqdQhxbPa994hnzjcE2VqQpDslf55723cKPUOGSmMY3g==",
			"requires": {
				"ms": "2.0.0"
			}
		},
		"dom-walk": {
			"version": "0.1.2",
			"resolved": "https://registry.npmjs.org/dom-walk/-/dom-walk-0.1.2.tgz",
			"integrity": "sha512-6QvTW9mrGeIegrFXdtQi9pk7O/nSK6lSdXW2eqUspN5LWD7UTji2Fqw5V2YLjBpHEoU9Xl/eUWNpDeZvoyOv2w=="
		},
		"eases": {
			"version": "1.0.8",
			"resolved": "https://registry.npmjs.org/eases/-/eases-1.0.8.tgz",
			"integrity": "sha1-8fUGmmtu0upRD5xhEDmNY+/pruY="
		},
		"encoding": {
			"version": "0.1.13",
			"resolved": "https://registry.npmjs.org/encoding/-/encoding-0.1.13.tgz",
			"integrity": "sha512-ETBauow1T35Y/WZMkio9jiM0Z5xjHHmJ4XmjZOq1l/dXz3lr2sRn87nJy20RupqSh1F2m3HHPSp8ShIPQJrJ3A==",
			"requires": {
				"iconv-lite": "^0.6.2"
			}
		},
		"engine.io-client": {
			"version": "3.5.2",
			"resolved": "https://registry.npmjs.org/engine.io-client/-/engine.io-client-3.5.2.tgz",
			"integrity": "sha512-QEqIp+gJ/kMHeUun7f5Vv3bteRHppHH/FMBQX/esFj/fuYfjyUKWGMo3VCvIP/V8bE9KcjHmRZrhIz2Z9oNsDA==",
			"requires": {
				"component-emitter": "~1.3.0",
				"component-inherit": "0.0.3",
				"debug": "~3.1.0",
				"engine.io-parser": "~2.2.0",
				"has-cors": "1.1.0",
				"indexof": "0.0.1",
				"parseqs": "0.0.6",
				"parseuri": "0.0.6",
				"ws": "~7.4.2",
				"xmlhttprequest-ssl": "~1.6.2",
				"yeast": "0.1.2"
			}
		},
		"engine.io-parser": {
			"version": "2.2.1",
			"resolved": "https://registry.npmjs.org/engine.io-parser/-/engine.io-parser-2.2.1.tgz",
			"integrity": "sha512-x+dN/fBH8Ro8TFwJ+rkB2AmuVw9Yu2mockR/p3W8f8YtExwFgDvBDi0GWyb4ZLkpahtDGZgtr3zLovanJghPqg==",
			"requires": {
				"after": "0.8.2",
				"arraybuffer.slice": "~0.0.7",
				"base64-arraybuffer": "0.1.4",
				"blob": "0.0.5",
				"has-binary2": "~1.0.2"
			}
		},
		"fbjs": {
			"version": "0.8.18",
			"resolved": "https://registry.npmjs.org/fbjs/-/fbjs-0.8.18.tgz",
			"integrity": "sha512-EQaWFK+fEPSoibjNy8IxUtaFOMXcWsY0JaVrQoZR9zC8N2Ygf9iDITPWjUTVIax95b6I742JFLqASHfsag/vKA==",
			"requires": {
				"core-js": "^1.0.0",
				"isomorphic-fetch": "^2.1.1",
				"loose-envify": "^1.0.0",
				"object-assign": "^4.1.0",
				"promise": "^7.1.1",
				"setimmediate": "^1.0.5",
				"ua-parser-js": "^0.7.30"
			}
		},
		"follow-redirects": {
			"version": "1.14.7",
			"resolved": "https://registry.npmjs.org/follow-redirects/-/follow-redirects-1.14.7.tgz",
			"integrity": "sha512-+hbxoLbFMbRKDwohX8GkTataGqO6Jb7jGwpAlwgy2bIz25XtRm7KEzJM76R1WiNT5SwZkX4Y75SwBolkpmE7iQ=="
		},
		"global": {
			"version": "4.3.2",
			"resolved": "https://registry.npmjs.org/global/-/global-4.3.2.tgz",
			"integrity": "sha1-52mJJopsdMOJCLEwWxD8DjlOnQ8=",
			"requires": {
				"min-document": "^2.19.0",
				"process": "~0.5.1"
			}
		},
		"has-binary2": {
			"version": "1.0.3",
			"resolved": "https://registry.npmjs.org/has-binary2/-/has-binary2-1.0.3.tgz",
			"integrity": "sha512-G1LWKhDSvhGeAQ8mPVQlqNcOB2sJdwATtZKl2pDKKHfpf/rYj24lkinxf69blJbnsvtqqNU+L3SL50vzZhXOnw==",
			"requires": {
				"isarray": "2.0.1"
			}
		},
		"has-cors": {
			"version": "1.1.0",
			"resolved": "https://registry.npmjs.org/has-cors/-/has-cors-1.1.0.tgz",
			"integrity": "sha1-XkdHk/fqmEPRu5nCPu9J/xJv/zk="
		},
		"hoist-non-react-statics": {
			"version": "1.2.0",
			"resolved": "https://registry.npmjs.org/hoist-non-react-statics/-/hoist-non-react-statics-1.2.0.tgz",
			"integrity": "sha1-qkSM8JhtVcxAdzsXF0t90GbLfPs="
		},
		"iconv-lite": {
			"version": "0.6.3",
			"resolved": "https://registry.npmjs.org/iconv-lite/-/iconv-lite-0.6.3.tgz",
			"integrity": "sha512-4fCk79wshMdzMp2rH06qWrJE4iolqLhCUH+OiuIgU++RB0+94NlDL81atO7GX55uUKueo0txHNtvEyI6D7WdMw==",
			"requires": {
				"safer-buffer": ">= 2.1.2 < 3.0.0"
			}
		},
		"indexof": {
			"version": "0.0.1",
			"resolved": "https://registry.npmjs.org/indexof/-/indexof-0.0.1.tgz",
			"integrity": "sha1-gtwzbSMrkGIXnQWrMpOmYFn9Q10="
		},
		"invariant": {
			"version": "2.2.4",
			"resolved": "https://registry.npmjs.org/invariant/-/invariant-2.2.4.tgz",
			"integrity": "sha512-phJfQVBuaJM5raOpJjSfkiD6BpbCE4Ns//LaXl6wGYtUBY83nWS6Rf9tXm2e8VaK60JEjYldbPif/A2B1C2gNA==",
			"requires": {
				"loose-envify": "^1.0.0"
			}
		},
		"is-function": {
			"version": "1.0.2",
			"resolved": "https://registry.npmjs.org/is-function/-/is-function-1.0.2.tgz",
			"integrity": "sha512-lw7DUp0aWXYg+CBCN+JKkcE0Q2RayZnSvnZBlwgxHBQhqt5pZNVy4Ri7H9GmmXkdu7LUthszM+Tor1u/2iBcpQ=="
		},
		"is-stream": {
			"version": "1.1.0",
			"resolved": "https://registry.npmjs.org/is-stream/-/is-stream-1.1.0.tgz",
			"integrity": "sha1-EtSj3U5o4Lec6428hBc66A2RykQ="
		},
		"isarray": {
			"version": "2.0.1",
			"resolved": "https://registry.npmjs.org/isarray/-/isarray-2.0.1.tgz",
			"integrity": "sha1-o32U7ZzaLVmGXJ92/llu4fM4dB4="
		},
		"isomorphic-fetch": {
			"version": "2.2.1",
			"resolved": "https://registry.npmjs.org/isomorphic-fetch/-/isomorphic-fetch-2.2.1.tgz",
			"integrity": "sha1-YRrhrPFPXoH3KVB0coGf6XM1WKk=",
			"requires": {
				"node-fetch": "^1.0.1",
				"whatwg-fetch": ">=0.10.0"
			}
		},
		"js-tokens": {
			"version": "4.0.0",
			"resolved": "https://registry.npmjs.org/js-tokens/-/js-tokens-4.0.0.tgz",
			"integrity": "sha512-RdJUflcE3cUzKiMqQgsCu06FPu9UdIJO0beYbPhHN4k6apgJtifcoCtT9bcxOpYBtpD2kCM6Sbzg4CausW/PKQ=="
		},
		"loose-envify": {
			"version": "1.4.0",
			"resolved": "https://registry.npmjs.org/loose-envify/-/loose-envify-1.4.0.tgz",
			"integrity": "sha512-lyuxPGr/Wfhrlem2CL/UcnUc1zcqKAImBDzukY7Y5F/yQiNdko6+fRLevlw1HgMySw7f611UIY408EtxRSoK3Q==",
			"requires": {
				"js-tokens": "^3.0.0 || ^4.0.0"
			}
		},
		"min-document": {
			"version": "2.19.0",
			"resolved": "https://registry.npmjs.org/min-document/-/min-document-2.19.0.tgz",
			"integrity": "sha1-e9KC4/WELtKVu3SM3Z8f+iyCRoU=",
			"requires": {
				"dom-walk": "^0.1.0"
			}
		},
		"ms": {
			"version": "2.0.0",
			"resolved": "https://registry.npmjs.org/ms/-/ms-2.0.0.tgz",
			"integrity": "sha1-VgiurfwAvmwpAd9fmGF4jeDVl8g="
		},
		"node-fetch": {
			"version": "1.7.3",
			"resolved": "https://registry.npmjs.org/node-fetch/-/node-fetch-1.7.3.tgz",
			"integrity": "sha512-NhZ4CsKx7cYm2vSrBAr2PvFOe6sWDf0UYLRqA6svUYg7+/TSfVAu49jYC4BvQ4Sms9SZgdqGBgroqfDhJdTyKQ==",
			"requires": {
				"encoding": "^0.1.11",
				"is-stream": "^1.0.1"
			}
		},
		"object-assign": {
			"version": "4.1.1",
			"resolved": "https://registry.npmjs.org/object-assign/-/object-assign-4.1.1.tgz",
			"integrity": "sha1-IQmtx5ZYh8/AXLvUQsrIv7s2CGM="
		},
		"parse-headers": {
			"version": "2.0.4",
			"resolved": "https://registry.npmjs.org/parse-headers/-/parse-headers-2.0.4.tgz",
			"integrity": "sha512-psZ9iZoCNFLrgRjZ1d8mn0h9WRqJwFxM9q3x7iUjN/YT2OksthDJ5TiPCu2F38kS4zutqfW+YdVVkBZZx3/1aw=="
		},
		"parseqs": {
			"version": "0.0.6",
			"resolved": "https://registry.npmjs.org/parseqs/-/parseqs-0.0.6.tgz",
			"integrity": "sha512-jeAGzMDbfSHHA091hr0r31eYfTig+29g3GKKE/PPbEQ65X0lmMwlEoqmhzu0iztID5uJpZsFlUPDP8ThPL7M8w=="
		},
		"parseuri": {
			"version": "0.0.6",
			"resolved": "https://registry.npmjs.org/parseuri/-/parseuri-0.0.6.tgz",
			"integrity": "sha512-AUjen8sAkGgao7UyCX6Ahv0gIK2fABKmYjvP4xmy5JaKvcbTRueIqIPHLAfq30xJddqSE033IOMUSOMCcK3Sow=="
		},
		"process": {
			"version": "0.5.2",
			"resolved": "https://registry.npmjs.org/process/-/process-0.5.2.tgz",
			"integrity": "sha1-FjjYqONML0QKkduVq5rrZ3/Bhc8="
		},
		"promise": {
			"version": "7.3.1",
			"resolved": "https://registry.npmjs.org/promise/-/promise-7.3.1.tgz",
			"integrity": "sha512-nolQXZ/4L+bP/UGlkfaIujX9BKxGwmQ9OT4mOt5yvy8iK1h3wqTEJCijzGANTCCl9nWjY41juyAn2K3Q1hLLTg==",
			"requires": {
				"asap": "~2.0.3"
			}
		},
		"prop-types": {
			"version": "15.8.1",
			"resolved": "https://registry.npmjs.org/prop-types/-/prop-types-15.8.1.tgz",
			"integrity": "sha512-oj87CgZICdulUohogVAR7AjlC0327U4el4L6eAvOqCeudMDVU0NThNaV+b9Df4dXgSP1gXMTnPdhfe/2qDH5cg==",
			"requires": {
				"loose-envify": "^1.4.0",
				"object-assign": "^4.1.1",
				"react-is": "^16.13.1"
			}
		},
		"ramda": {
			"version": "0.24.1",
			"resolved": "https://registry.npmjs.org/ramda/-/ramda-0.24.1.tgz",
			"integrity": "sha1-w7d1UZfzW43DUCIoJixMkd22uFc="
		},
		"react": {
			"version": "15.7.0",
			"resolved": "https://registry.npmjs.org/react/-/react-15.7.0.tgz",
			"integrity": "sha512-5/MMRYmpmM0sMTHGLossnJCrmXQIiJilD6y3YN3TzAwGFj6zdnMtFv6xmi65PHKRV+pehIHpT7oy67Sr6s9AHA==",
			"requires": {
				"create-react-class": "^15.6.0",
				"fbjs": "^0.8.9",
				"loose-envify": "^1.1.0",
				"object-assign": "^4.1.0",
				"prop-types": "^15.5.10"
			}
		},
		"react-dom": {
			"version": "15.7.0",
			"resolved": "https://registry.npmjs.org/react-dom/-/react-dom-15.7.0.tgz",
			"integrity": "sha512-mpjXqC2t1FuYsILOLCj0kg6pbg460byZkVA/80VtDmKU/pYmoTdHOtaMcTRIDiyXLz4sIur0cQ04nOC6iGndJg==",
			"requires": {
				"fbjs": "^0.8.9",
				"loose-envify": "^1.1.0",
				"object-assign": "^4.1.0",
				"prop-types": "^15.5.10"
			}
		},
		"react-is": {
			"version": "16.13.1",
			"resolved": "https://registry.npmjs.org/react-is/-/react-is-16.13.1.tgz",
			"integrity": "sha512-24e6ynE2H+OKt4kqsOvNd8kBpV65zoxbA4BVsEOB3ARVWQki/DHzaUoC5KuON/BiccDaCCTZBuOcfZs70kR8bQ=="
		},
		"recompose": {
			"version": "0.23.5",
			"resolved": "https://registry.npmjs.org/recompose/-/recompose-0.23.5.tgz",
			"integrity": "sha1-cqyCYSRr7DeCNdGHRn0CpyHosd4=",
			"requires": {
				"change-emitter": "^0.1.2",
				"fbjs": "^0.8.1",
				"hoist-non-react-statics": "^1.0.0",
				"symbol-observable": "^1.0.4"
			}
		},
		"safer-buffer": {
			"version": "2.1.2",
			"resolved": "https://registry.npmjs.org/safer-buffer/-/safer-buffer-2.1.2.tgz",
			"integrity": "sha512-YZo3K82SD7Riyi0E1EQPojLz7kpepnSQI9IyPbHHg1XXXevb5dJI7tpyN2ADxGcQbHG7vcyRHk0cbwqcQriUtg=="
		},
		"setimmediate": {
			"version": "1.0.5",
			"resolved": "https://registry.npmjs.org/setimmediate/-/setimmediate-1.0.5.tgz",
			"integrity": "sha1-KQy7Iy4waULX1+qbg3Mqt4VvgoU="
		},
		"socket.io-client": {
			"version": "2.4.0",
			"resolved": "https://registry.npmjs.org/socket.io-client/-/socket.io-client-2.4.0.tgz",
			"integrity": "sha512-M6xhnKQHuuZd4Ba9vltCLT9oa+YvTsP8j9NcEiLElfIg8KeYPyhWOes6x4t+LTAC8enQbE/995AdTem2uNyKKQ==",
			"requires": {
				"backo2": "1.0.2",
				"component-bind": "1.0.0",
				"component-emitter": "~1.3.0",
				"debug": "~3.1.0",
				"engine.io-client": "~3.5.0",
				"has-binary2": "~1.0.2",
				"indexof": "0.0.1",
				"parseqs": "0.0.6",
				"parseuri": "0.0.6",
				"socket.io-parser": "~3.3.0",
				"to-array": "0.1.4"
			}
		},
		"socket.io-parser": {
			"version": "3.3.2",
			"resolved": "https://registry.npmjs.org/socket.io-parser/-/socket.io-parser-3.3.2.tgz",
			"integrity": "sha512-FJvDBuOALxdCI9qwRrO/Rfp9yfndRtc1jSgVgV8FDraihmSP/MLGD5PEuJrNfjALvcQ+vMDM/33AWOYP/JSjDg==",
			"requires": {
				"component-emitter": "~1.3.0",
				"debug": "~3.1.0",
				"isarray": "2.0.1"
			}
		},
		"symbol-observable": {
			"version": "1.2.0",
			"resolved": "https://registry.npmjs.org/symbol-observable/-/symbol-observable-1.2.0.tgz",
			"integrity": "sha512-e900nM8RRtGhlV36KGEU9k65K3mPb1WV70OdjfxlG2EAuM1noi/E/BaW/uMhL7bPEssK8QV57vN3esixjUvcXQ=="
		},
		"to-array": {
			"version": "0.1.4",
			"resolved": "https://registry.npmjs.org/to-array/-/to-array-0.1.4.tgz",
			"integrity": "sha1-F+bBH3PdTz10zaek/zI46a2b+JA="
		},
		"ua-parser-js": {
			"version": "0.7.31",
			"resolved": "https://registry.npmjs.org/ua-parser-js/-/ua-parser-js-0.7.31.tgz",
			"integrity": "sha512-qLK/Xe9E2uzmYI3qLeOmI0tEOt+TBBQyUIAh4aAgU05FVYzeZrKUdkAZfBNVGRaHVgV0TDkdEngJSw/SyQchkQ=="
		},
		"warning": {
			"version": "3.0.0",
			"resolved": "https://registry.npmjs.org/warning/-/warning-3.0.0.tgz",
			"integrity": "sha1-MuU3fLVy3kqwR1O9+IIcAe1gW3w=",
			"requires": {
				"loose-envify": "^1.0.0"
			}
		},
		"whatwg-fetch": {
			"version": "3.6.2",
			"resolved": "https://registry.npmjs.org/whatwg-fetch/-/whatwg-fetch-3.6.2.tgz",
			"integrity": "sha512-bJlen0FcuU/0EMLrdbJ7zOnW6ITZLrZMIarMUVmdKtsGvZna8vxKYaexICWPfZ8qwf9fzNq+UEIZrnSaApt6RA=="
		},
		"ws": {
			"version": "7.4.6",
			"resolved": "https://registry.npmjs.org/ws/-/ws-7.4.6.tgz",
			"integrity": "sha512-YmhHDO4MzaDLB+M9ym/mDA5z0naX8j7SIlT8f8z+I0VtzsRbekxEutHSme7NPS2qE8StCYQNUnfWdXta/Yu85A=="
		},
		"xhr": {
			"version": "2.4.1",
			"resolved": "https://registry.npmjs.org/xhr/-/xhr-2.4.1.tgz",
			"integrity": "sha512-pAIU5vBr9Hiy5cpFIbPnwf0C18ZF86DBsZKrlsf87N5De/JbA6RJ83UP/cv+aljl4S40iRVMqP4pr4sF9Dnj0A==",
			"requires": {
				"global": "~4.3.0",
				"is-function": "^1.0.1",
				"parse-headers": "^2.0.0",
				"xtend": "^4.0.0"
			}
		},
		"xmlhttprequest-ssl": {
			"version": "1.6.3",
			"resolved": "https://registry.npmjs.org/xmlhttprequest-ssl/-/xmlhttprequest-ssl-1.6.3.tgz",
			"integrity": "sha512-3XfeQE/wNkvrIktn2Kf0869fC0BN6UpydVasGIeSm2B1Llihf7/0UfZM+eCkOw3P7bP4+qPgqhm7ZoxuJtFU0Q=="
		},
		"xtend": {
			"version": "4.0.2",
			"resolved": "https://registry.npmjs.org/xtend/-/xtend-4.0.2.tgz",
			"integrity": "sha512-LKYU1iAXJXUgAXn9URjiu+MWhyUXHsvfp7mcuYm9dSUKK0/CjtrUwFAxD82/mCWbtLsGjFIad0wIsod4zrTAEQ=="
		},
		"yeast": {
			"version": "0.1.2",
			"resolved": "https://registry.npmjs.org/yeast/-/yeast-0.1.2.tgz",
			"integrity": "sha1-AI4G2AlDIMNy28L47XagymyKxBk="
		}
	}
}
